
Microsoft Visual Studio Solution File, Format Version 12.00
# Visual Studio Version 16
VisualStudioVersion = 16.0.31702.278
MinimumVisualStudioVersion = 10.0.40219.1
Project("{FAE04EC0-301F-11D3-BF4B-00C04F79EFBC}") = "WindowsEF", "WindowsEF\WindowsEF.csproj", "{DC9BB6FD-C792-4534-9244-C72A8966F904}"
EndProject
Project("{FAE04EC0-301F-11D3-BF4B-00C04F79EFBC}") = "Datos", "Datos\Datos.csproj", "{0246D5ED-F7E2-4934-AC19-5864882404B0}"
EndProject
Global
	GlobalSection(SolutionConfigurationPlatforms) = preSolution
		Debug|Any CPU = Debug|Any CPU
		Release|Any CPU = Release|Any CPU
	EndGlobalSection
	GlobalSection(ProjectConfigurationPlatforms) = postSolution
		{DC9BB6FD-C792-4534-9244-C72A8966F904}.Debug|Any CPU.ActiveCfg = Debug|Any CPU
		{DC9BB6FD-C792-4534-9244-C72A8966F904}.Debug|Any CPU.Build.0 = Debug|Any CPU
		{DC9BB6FD-C792-4534-9244-C72A8966F904}.Release|Any CPU.ActiveCfg = Release|Any CPU
		{DC9BB6FD-C792-4534-9244-C72A8966F904}.Release|Any CPU.Build.0 = Release|Any CPU
		{0246D5ED-F7E2-4934-AC19-5864882404B0}.Debug|Any CPU.ActiveCfg = Debug|Any CPU
		{0246D5ED-F7E2-4934-AC19-5864882404B0}.Debug|Any CPU.Build.0 = Debug|Any CPU
		{0246D5ED-F7E2-4934-AC19-5864882404B0}.Release|Any CPU.ActiveCfg = Release|Any CPU
		{0246D5ED-F7E2-4934-AC19-5864882404B0}.Release|Any CPU.Build.0 = Release|Any CPU
	EndGlobalSection
	GlobalSection(SolutionProperties) = preSolution
		HideSolutionNode = FALSE
	EndGlobalSection
	GlobalSection(ExtensibilityGlobals) = postSolution
		SolutionGuid = {060EFA05-3FF3-40CD-903C-DDDF1777FC43}
	EndGlobalSection
EndGlobal
